// !$*UTF8*$!
{
	archiveVersion = 1;
	classes = {
	};
	objectVersion = 56;
	objects = {

/* Begin PBXBuildFile section */
		9A5339D129E9482C00416C1E /* RxCBCentral in Frameworks */ = {isa = PBXBuildFile; productRef = 9A5339D029E9482C00416C1E /* RxCBCentral */; };
		9A5339D429E9485600416C1E /* BleRxLayerModule in Frameworks */ = {isa = PBXBuildFile; productRef = 9A5339D329E9485600416C1E /* BleRxLayerModule */; };
		9A7A7D7629E9319600FD4DE0 /* BleModuleApp.swift in Sources */ = {isa = PBXBuildFile; fileRef = 9A7A7D7529E9319600FD4DE0 /* BleModuleApp.swift */; };
		9A7A7D7829E9319600FD4DE0 /* ContentView.swift in Sources */ = {isa = PBXBuildFile; fileRef = 9A7A7D7729E9319600FD4DE0 /* ContentView.swift */; };
		9A7A7D7A29E9319700FD4DE0 /* Assets.xcassets in Resources */ = {isa = PBXBuildFile; fileRef = 9A7A7D7929E9319700FD4DE0 /* Assets.xcassets */; };
		9A7A7D7D29E9319700FD4DE0 /* Preview Assets.xcassets in Resources */ = {isa = PBXBuildFile; fileRef = 9A7A7D7C29E9319700FD4DE0 /* Preview Assets.xcassets */; };
		9A7A7D8729E9319700FD4DE0 /* BleModuleTests.swift in Sources */ = {isa = PBXBuildFile; fileRef = 9A7A7D8629E9319700FD4DE0 /* BleModuleTests.swift */; };
		9A7A7D9129E9319700FD4DE0 /* BleModuleUITests.swift in Sources */ = {isa = PBXBuildFile; fileRef = 9A7A7D9029E9319700FD4DE0 /* BleModuleUITests.swift */; };
		9A7A7D9329E9319700FD4DE0 /* BleModuleUITestsLaunchTests.swift in Sources */ = {isa = PBXBuildFile; fileRef = 9A7A7D9229E9319700FD4DE0 /* BleModuleUITestsLaunchTests.swift */; };
/* End PBXBuildFile section */

/* Begin PBXContainerItemProxy section */
		9A7A7D8329E9319700FD4DE0 /* PBXContainerItemProxy */ = {
			isa = PBXContainerItemProxy;
			containerPortal = 9A7A7D6A29E9319600FD4DE0 /* Project object */;
			proxyType = 1;
			remoteGlobalIDString = 9A7A7D7129E9319600FD4DE0;
			remoteInfo = BleModule;
		};
		9A7A7D8D29E9319700FD4DE0 /* PBXContainerItemProxy */ = {
			isa = PBXContainerItemProxy;
			containerPortal = 9A7A7D6A29E9319600FD4DE0 /* Project object */;
			proxyType = 1;
			remoteGlobalIDString = 9A7A7D7129E9319600FD4DE0;
			remoteInfo = BleModule;
		};
/* End PBXContainerItemProxy section */

/* Begin PBXFileReference section */
		9A7A7D7229E9319600FD4DE0 /* BleModule.app */ = {isa = PBXFileReference; explicitFileType = wrapper.application; includeInIndex = 0; path = BleModule.app; sourceTree = BUILT_PRODUCTS_DIR; };
		9A7A7D7529E9319600FD4DE0 /* BleModuleApp.swift */ = {isa = PBXFileReference; lastKnownFileType = sourcecode.swift; path = BleModuleApp.swift; sourceTree = "<group>"; };
		9A7A7D7729E9319600FD4DE0 /* ContentView.swift */ = {isa = PBXFileReference; lastKnownFileType = sourcecode.swift; path = ContentView.swift; sourceTree = "<group>"; };
		9A7A7D7929E9319700FD4DE0 /* Assets.xcassets */ = {isa = PBXFileReference; lastKnownFileType = folder.assetcatalog; path = Assets.xcassets; sourceTree = "<group>"; };
		9A7A7D7C29E9319700FD4DE0 /* Preview Assets.xcassets */ = {isa = PBXFileReference; lastKnownFileType = folder.assetcatalog; path = "Preview Assets.xcassets"; sourceTree = "<group>"; };
		9A7A7D8229E9319700FD4DE0 /* BleModuleTests.xctest */ = {isa = PBXFileReference; explicitFileType = wrapper.cfbundle; includeInIndex = 0; path = BleModuleTests.xctest; sourceTree = BUILT_PRODUCTS_DIR; };
		9A7A7D8629E9319700FD4DE0 /* BleModuleTests.swift */ = {isa = PBXFileReference; lastKnownFileType = sourcecode.swift; path = BleModuleTests.swift; sourceTree = "<group>"; };
		9A7A7D8C29E9319700FD4DE0 /* BleModuleUITests.xctest */ = {isa = PBXFileReference; explicitFileType = wrapper.cfbundle; includeInIndex = 0; path = BleModuleUITests.xctest; sourceTree = BUILT_PRODUCTS_DIR; };
		9A7A7D9029E9319700FD4DE0 /* BleModuleUITests.swift */ = {isa = PBXFileReference; lastKnownFileType = sourcecode.swift; path = BleModuleUITests.swift; sourceTree = "<group>"; };
		9A7A7D9229E9319700FD4DE0 /* BleModuleUITestsLaunchTests.swift */ = {isa = PBXFileReference; lastKnownFileType = sourcecode.swift; path = BleModuleUITestsLaunchTests.swift; sourceTree = "<group>"; };
		9A7A7D9F29E9368F00FD4DE0 /* BleRxLayerModule */ = {isa = PBXFileReference; lastKnownFileType = wrapper; path = BleRxLayerModule; sourceTree = "<group>"; };
/* End PBXFileReference section */

/* Begin PBXFrameworksBuildPhase section */
		9A7A7D6F29E9319600FD4DE0 /* Frameworks */ = {
			isa = PBXFrameworksBuildPhase;
			buildActionMask = 2147483647;
			files = (
				9A5339D429E9485600416C1E /* BleRxLayerModule in Frameworks */,
				9A5339D129E9482C00416C1E /* RxCBCentral in Frameworks */,
			);
			runOnlyForDeploymentPostprocessing = 0;
		};
		9A7A7D7F29E9319700FD4DE0 /* Frameworks */ = {
			isa = PBXFrameworksBuildPhase;
			buildActionMask = 2147483647;
			files = (
			);
			runOnlyForDeploymentPostprocessing = 0;
		};
		9A7A7D8929E9319700FD4DE0 /* Frameworks */ = {
			isa = PBXFrameworksBuildPhase;
			buildActionMask = 2147483647;
			files = (
			);
			runOnlyForDeploymentPostprocessing = 0;
		};
/* End PBXFrameworksBuildPhase section */

/* Begin PBXGroup section */
		9A5339D229E9485600416C1E /* Frameworks */ = {
			isa = PBXGroup;
			children = (
			);
			name = Frameworks;
			sourceTree = "<group>";
		};
		9A5339D529E9513D00416C1E /* BleRxLayerModule */ = {
			isa = PBXGroup;
			children = (
			);
			name = BleRxLayerModule;
			sourceTree = "<group>";
		};
		9A7A7D6929E9319600FD4DE0 = {
			isa = PBXGroup;
			children = (
				9A7A7D9F29E9368F00FD4DE0 /* BleRxLayerModule */,
				9A7A7D7429E9319600FD4DE0 /* BleModule */,
				9A7A7D8529E9319700FD4DE0 /* BleModuleTests */,
				9A7A7D8F29E9319700FD4DE0 /* BleModuleUITests */,
				9A7A7D7329E9319600FD4DE0 /* Products */,
				9A5339D229E9485600416C1E /* Frameworks */,
			);
			sourceTree = "<group>";
		};
		9A7A7D7329E9319600FD4DE0 /* Products */ = {
			isa = PBXGroup;
			children = (
				9A7A7D7229E9319600FD4DE0 /* BleModule.app */,
				9A7A7D8229E9319700FD4DE0 /* BleModuleTests.xctest */,
				9A7A7D8C29E9319700FD4DE0 /* BleModuleUITests.xctest */,
			);
			name = Products;
			sourceTree = "<group>";
		};
		9A7A7D7429E9319600FD4DE0 /* BleModule */ = {
			isa = PBXGroup;
			children = (
				9A5339D529E9513D00416C1E /* BleRxLayerModule */,
				9A7A7D7529E9319600FD4DE0 /* BleModuleApp.swift */,
				9A7A7D7729E9319600FD4DE0 /* ContentView.swift */,
				9A7A7D7929E9319700FD4DE0 /* Assets.xcassets */,
				9A7A7D7B29E9319700FD4DE0 /* Preview Content */,
			);
			path = BleModule;
			sourceTree = "<group>";
		};
		9A7A7D7B29E9319700FD4DE0 /* Preview Content */ = {
			isa = PBXGroup;
			children = (
				9A7A7D7C29E9319700FD4DE0 /* Preview Assets.xcassets */,
			);
			path = "Preview Content";
			sourceTree = "<group>";
		};
		9A7A7D8529E9319700FD4DE0 /* BleModuleTests */ = {
			isa = PBXGroup;
			children = (
				9A7A7D8629E9319700FD4DE0 /* BleModuleTests.swift */,
			);
			path = BleModuleTests;
			sourceTree = "<group>";
		};
		9A7A7D8F29E9319700FD4DE0 /* BleModuleUITests */ = {
			isa = PBXGroup;
			children = (
				9A7A7D9029E9319700FD4DE0 /* BleModuleUITests.swift */,
				9A7A7D9229E9319700FD4DE0 /* BleModuleUITestsLaunchTests.swift */,
			);
			path = BleModuleUITests;
			sourceTree = "<group>";
		};
/* End PBXGroup section */

/* Begin PBXNativeTarget section */
		9A7A7D7129E9319600FD4DE0 /* BleModule */ = {
			isa = PBXNativeTarget;
			buildConfigurationList = 9A7A7D9629E9319700FD4DE0 /* Build configuration list for PBXNativeTarget "BleModule" */;
			buildPhases = (
				9A7A7D6E29E9319600FD4DE0 /* Sources */,
				9A7A7D6F29E9319600FD4DE0 /* Frameworks */,
				9A7A7D7029E9319600FD4DE0 /* Resources */,
			);
			buildRules = (
			);
			dependencies = (
			);
			name = BleModule;
			packageProductDependencies = (
				9A5339D029E9482C00416C1E /* RxCBCentral */,
				9A5339D329E9485600416C1E /* BleRxLayerModule */,
			);
			productName = BleModule;
			productReference = 9A7A7D7229E9319600FD4DE0 /* BleModule.app */;
			productType = "com.apple.product-type.application";
		};
		9A7A7D8129E9319700FD4DE0 /* BleModuleTests */ = {
			isa = PBXNativeTarget;
			buildConfigurationList = 9A7A7D9929E9319700FD4DE0 /* Build configuration list for PBXNativeTarget "BleModuleTests" */;
			buildPhases = (
				9A7A7D7E29E9319700FD4DE0 /* Sources */,
				9A7A7D7F29E9319700FD4DE0 /* Frameworks */,
				9A7A7D8029E9319700FD4DE0 /* Resources */,
			);
			buildRules = (
			);
			dependencies = (
				9A7A7D8429E9319700FD4DE0 /* PBXTargetDependency */,
			);
			name = BleModuleTests;
			productName = BleModuleTests;
			productReference = 9A7A7D8229E9319700FD4DE0 /* BleModuleTests.xctest */;
			productType = "com.apple.product-type.bundle.unit-test";
		};
		9A7A7D8B29E9319700FD4DE0 /* BleModuleUITests */ = {
			isa = PBXNativeTarget;
			buildConfigurationList = 9A7A7D9C29E9319700FD4DE0 /* Build configuration list for PBXNativeTarget "BleModuleUITests" */;
			buildPhases = (
				9A7A7D8829E9319700FD4DE0 /* Sources */,
				9A7A7D8929E9319700FD4DE0 /* Frameworks */,
				9A7A7D8A29E9319700FD4DE0 /* Resources */,
			);
			buildRules = (
			);
			dependencies = (
				9A7A7D8E29E9319700FD4DE0 /* PBXTargetDependency */,
			);
			name = BleModuleUITests;
			productName = BleModuleUITests;
			productReference = 9A7A7D8C29E9319700FD4DE0 /* BleModuleUITests.xctest */;
			productType = "com.apple.product-type.bundle.ui-testing";
		};
/* End PBXNativeTarget section */

/* Begin PBXProject section */
		9A7A7D6A29E9319600FD4DE0 /* Project object */ = {
			isa = PBXProject;
			attributes = {
				BuildIndependentTargetsInParallel = 1;
				LastSwiftUpdateCheck = 1430;
				LastUpgradeCheck = 1430;
				TargetAttributes = {
					9A7A7D7129E9319600FD4DE0 = {
						CreatedOnToolsVersion = 14.3;
					};
					9A7A7D8129E9319700FD4DE0 = {
						CreatedOnToolsVersion = 14.3;
						TestTargetID = 9A7A7D7129E9319600FD4DE0;
					};
					9A7A7D8B29E9319700FD4DE0 = {
						CreatedOnToolsVersion = 14.3;
						TestTargetID = 9A7A7D7129E9319600FD4DE0;
					};
				};
			};
			buildConfigurationList = 9A7A7D6D29E9319600FD4DE0 /* Build configuration list for PBXProject "BleModule" */;
			compatibilityVersion = "Xcode 14.0";
			developmentRegion = en;
			hasScannedForEncodings = 0;
			knownRegions = (
				en,
				Base,
			);
			mainGroup = 9A7A7D6929E9319600FD4DE0;
			packageReferences = (
				9A5339CF29E9482C00416C1E /* XCRemoteSwiftPackageReference "RxCBCentral" */,
			);
			productRefGroup = 9A7A7D7329E9319600FD4DE0 /* Products */;
			projectDirPath = "";
			projectRoot = "";
			targets = (
				9A7A7D7129E9319600FD4DE0 /* BleModule */,
				9A7A7D8129E9319700FD4DE0 /* BleModuleTests */,
				9A7A7D8B29E9319700FD4DE0 /* BleModuleUITests */,
			);
		};
/* End PBXProject section */

/* Begin PBXResourcesBuildPhase section */
		9A7A7D7029E9319600FD4DE0 /* Resources */ = {
			isa = PBXResourcesBuildPhase;
			buildActionMask = 2147483647;
			files = (
				9A7A7D7D29E9319700FD4DE0 /* Preview Assets.xcassets in Resources */,
				9A7A7D7A29E9319700FD4DE0 /* Assets.xcassets in Resources */,
			);
			runOnlyForDeploymentPostprocessing = 0;
		};
		9A7A7D8029E9319700FD4DE0 /* Resources */ = {
			isa = PBXResourcesBuildPhase;
			buildActionMask = 2147483647;
			files = (
			);
			runOnlyForDeploymentPostprocessing = 0;
		};
		9A7A7D8A29E9319700FD4DE0 /* Resources */ = {
			isa = PBXResourcesBuildPhase;
			buildActionMask = 2147483647;
			files = (
			);
			runOnlyForDeploymentPostprocessing = 0;
		};
/* End PBXResourcesBuildPhase section */

/* Begin PBXSourcesBuildPhase section */
		9A7A7D6E29E9319600FD4DE0 /* Sources */ = {
			isa = PBXSourcesBuildPhase;
			buildActionMask = 2147483647;
			files = (
				9A7A7D7829E9319600FD4DE0 /* ContentView.swift in Sources */,
				9A7A7D7629E9319600FD4DE0 /* BleModuleApp.swift in Sources */,
			);
			runOnlyForDeploymentPostprocessing = 0;
		};
		9A7A7D7E29E9319700FD4DE0 /* Sources */ = {
			isa = PBXSourcesBuildPhase;
			buildActionMask = 2147483647;
			files = (
				9A7A7D8729E9319700FD4DE0 /* BleModuleTests.swift in Sources */,
			);
			runOnlyForDeploymentPostprocessing = 0;
		};
		9A7A7D8829E9319700FD4DE0 /* Sources */ = {
			isa = PBXSourcesBuildPhase;
			buildActionMask = 2147483647;
			files = (
				9A7A7D9329E9319700FD4DE0 /* BleModuleUITestsLaunchTests.swift in Sources */,
				9A7A7D9129E9319700FD4DE0 /* BleModuleUITests.swift in Sources */,
			);
			runOnlyForDeploymentPostprocessing = 0;
		};
/* End PBXSourcesBuildPhase section */

/* Begin PBXTargetDependency section */
		9A7A7D8429E9319700FD4DE0 /* PBXTargetDependency */ = {
			isa = PBXTargetDependency;
			target = 9A7A7D7129E9319600FD4DE0 /* BleModule */;
			targetProxy = 9A7A7D8329E9319700FD4DE0 /* PBXContainerItemProxy */;
		};
		9A7A7D8E29E9319700FD4DE0 /* PBXTargetDependency */ = {
			isa = PBXTargetDependency;
			target = 9A7A7D7129E9319600FD4DE0 /* BleModule */;
			targetProxy = 9A7A7D8D29E9319700FD4DE0 /* PBXContainerItemProxy */;
		};
/* End PBXTargetDependency section */

/* Begin XCBuildConfiguration section */
		9A7A7D9429E9319700FD4DE0 /* Debug */ = {
			isa = XCBuildConfiguration;
			buildSettings = {
				ALWAYS_SEARCH_USER_PATHS = NO;
				CLANG_ANALYZER_NONNULL = YES;
				CLANG_ANALYZER_NUMBER_OBJECT_CONVERSION = YES_AGGRESSIVE;
				CLANG_CXX_LANGUAGE_STANDARD = "gnu++20";
				CLANG_ENABLE_MODULES = YES;
				CLANG_ENABLE_OBJC_ARC = YES;
				CLANG_ENABLE_OBJC_WEAK = YES;
				CLANG_WARN_BLOCK_CAPTURE_AUTORELEASING = YES;
				CLANG_WARN_BOOL_CONVERSION = YES;
				CLANG_WARN_COMMA = YES;
				CLANG_WARN_CONSTANT_CONVERSION = YES;
				CLANG_WARN_DEPRECATED_OBJC_IMPLEMENTATIONS = YES;
				CLANG_WARN_DIRECT_OBJC_ISA_USAGE = YES_ERROR;
				CLANG_WARN_DOCUMENTATION_COMMENTS = YES;
				CLANG_WARN_EMPTY_BODY = YES;
				CLANG_WARN_ENUM_CONVERSION = YES;
				CLANG_WARN_INFINITE_RECURSION = YES;
				CLANG_WARN_INT_CONVERSION = YES;
				CLANG_WARN_NON_LITERAL_NULL_CONVERSION = YES;
				CLANG_WARN_OBJC_IMPLICIT_RETAIN_SELF = YES;
				CLANG_WARN_OBJC_LITERAL_CONVERSION = YES;
				CLANG_WARN_OBJC_ROOT_CLASS = YES_ERROR;
				CLANG_WARN_QUOTED_INCLUDE_IN_FRAMEWORK_HEADER = YES;
				CLANG_WARN_RANGE_LOOP_ANALYSIS = YES;
				CLANG_WARN_STRICT_PROTOTYPES = YES;
				CLANG_WARN_SUSPICIOUS_MOVE = YES;
				CLANG_WARN_UNGUARDED_AVAILABILITY = YES_AGGRESSIVE;
				CLANG_WARN_UNREACHABLE_CODE = YES;
				CLANG_WARN__DUPLICATE_METHOD_MATCH = YES;
				COPY_PHASE_STRIP = NO;
				DEBUG_INFORMATION_FORMAT = dwarf;
				ENABLE_STRICT_OBJC_MSGSEND = YES;
				ENABLE_TESTABILITY = YES;
				GCC_C_LANGUAGE_STANDARD = gnu11;
				GCC_DYNAMIC_NO_PIC = NO;
				GCC_NO_COMMON_BLOCKS = YES;
				GCC_OPTIMIZATION_LEVEL = 0;
				GCC_PREPROCESSOR_DEFINITIONS = (
					"DEBUG=1",
					"$(inherited)",
				);
				GCC_WARN_64_TO_32_BIT_CONVERSION = YES;
				GCC_WARN_ABOUT_RETURN_TYPE = YES_ERROR;
				GCC_WARN_UNDECLARED_SELECTOR = YES;
				GCC_WARN_UNINITIALIZED_AUTOS = YES_AGGRESSIVE;
				GCC_WARN_UNUSED_FUNCTION = YES;
				GCC_WARN_UNUSED_VARIABLE = YES;
				IPHONEOS_DEPLOYMENT_TARGET = 16.4;
				MTL_ENABLE_DEBUG_INFO = INCLUDE_SOURCE;
				MTL_FAST_MATH = YES;
				ONLY_ACTIVE_ARCH = YES;
				SDKROOT = iphoneos;
				SWIFT_ACTIVE_COMPILATION_CONDITIONS = DEBUG;
				SWIFT_OPTIMIZATION_LEVEL = "-Onone";
			};
			name = Debug;
		};
		9A7A7D9529E9319700FD4DE0 /* Release */ = {
			isa = XCBuildConfiguration;
			buildSettings = {
				ALWAYS_SEARCH_USER_PATHS = NO;
				CLANG_ANALYZER_NONNULL = YES;
				CLANG_ANALYZER_NUMBER_OBJECT_CONVERSION = YES_AGGRESSIVE;
				CLANG_CXX_LANGUAGE_STANDARD = "gnu++20";
				CLANG_ENABLE_MODULES = YES;
				CLANG_ENABLE_OBJC_ARC = YES;
				CLANG_ENABLE_OBJC_WEAK = YES;
				CLANG_WARN_BLOCK_CAPTURE_AUTORELEASING = YES;
				CLANG_WARN_BOOL_CONVERSION = YES;
				CLANG_WARN_COMMA = YES;
				CLANG_WARN_CONSTANT_CONVERSION = YES;
				CLANG_WARN_DEPRECATED_OBJC_IMPLEMENTATIONS = YES;
				CLANG_WARN_DIRECT_OBJC_ISA_USAGE = YES_ERROR;
				CLANG_WARN_DOCUMENTATION_COMMENTS = YES;
				CLANG_WARN_EMPTY_BODY = YES;
				CLANG_WARN_ENUM_CONVERSION = YES;
				CLANG_WARN_INFINITE_RECURSION = YES;
				CLANG_WARN_INT_CONVERSION = YES;
				CLANG_WARN_NON_LITERAL_NULL_CONVERSION = YES;
				CLANG_WARN_OBJC_IMPLICIT_RETAIN_SELF = YES;
				CLANG_WARN_OBJC_LITERAL_CONVERSION = YES;
				CLANG_WARN_OBJC_ROOT_CLASS = YES_ERROR;
				CLANG_WARN_QUOTED_INCLUDE_IN_FRAMEWORK_HEADER = YES;
				CLANG_WARN_RANGE_LOOP_ANALYSIS = YES;
				CLANG_WARN_STRICT_PROTOTYPES = YES;
				CLANG_WARN_SUSPICIOUS_MOVE = YES;
				CLANG_WARN_UNGUARDED_AVAILABILITY = YES_AGGRESSIVE;
				CLANG_WARN_UNREACHABLE_CODE = YES;
				CLANG_WARN__DUPLICATE_METHOD_MATCH = YES;
				COPY_PHASE_STRIP = NO;
				DEBUG_INFORMATION_FORMAT = "dwarf-with-dsym";
				ENABLE_NS_ASSERTIONS = NO;
				ENABLE_STRICT_OBJC_MSGSEND = YES;
				GCC_C_LANGUAGE_STANDARD = gnu11;
				GCC_NO_COMMON_BLOCKS = YES;
				GCC_WARN_64_TO_32_BIT_CONVERSION = YES;
				GCC_WARN_ABOUT_RETURN_TYPE = YES_ERROR;
				GCC_WARN_UNDECLARED_SELECTOR = YES;
				GCC_WARN_UNINITIALIZED_AUTOS = YES_AGGRESSIVE;
				GCC_WARN_UNUSED_FUNCTION = YES;
				GCC_WARN_UNUSED_VARIABLE = YES;
				IPHONEOS_DEPLOYMENT_TARGET = 16.4;
				MTL_ENABLE_DEBUG_INFO = NO;
				MTL_FAST_MATH = YES;
				SDKROOT = iphoneos;
				SWIFT_COMPILATION_MODE = wholemodule;
				SWIFT_OPTIMIZATION_LEVEL = "-O";
				VALIDATE_PRODUCT = YES;
			};
			name = Release;
		};
		9A7A7D9729E9319700FD4DE0 /* Debug */ = {
			isa = XCBuildConfiguration;
			buildSettings = {
				ASSETCATALOG_COMPILER_APPICON_NAME = AppIcon;
				ASSETCATALOG_COMPILER_GLOBAL_ACCENT_COLOR_NAME = AccentColor;
				CODE_SIGN_STYLE = Automatic;
				CURRENT_PROJECT_VERSION = 1;
				DEVELOPMENT_ASSET_PATHS = "\"BleModule/Preview Content\"";
				DEVELOPMENT_TEAM = QDARHN2432;
				ENABLE_PREVIEWS = YES;
				GENERATE_INFOPLIST_FILE = YES;
				INFOPLIST_KEY_UIApplicationSceneManifest_Generation = YES;
				INFOPLIST_KEY_UIApplicationSupportsIndirectInputEvents = YES;
				INFOPLIST_KEY_UILaunchScreen_Generation = YES;
				INFOPLIST_KEY_UISupportedInterfaceOrientations_iPad = "UIInterfaceOrientationPortrait UIInterfaceOrientationPortraitUpsideDown UIInterfaceOrientationLandscapeLeft UIInterfaceOrientationLandscapeRight";
				INFOPLIST_KEY_UISupportedInterfaceOrientations_iPhone = "UIInterfaceOrientationPortrait UIInterfaceOrientationLandscapeLeft UIInterfaceOrientationLandscapeRight";
				IPHONEOS_DEPLOYMENT_TARGET = 14.0;
				LD_RUNPATH_SEARCH_PATHS = (
					"$(inherited)",
					"@executable_path/Frameworks",
				);
				MARKETING_VERSION = 1.0;
				PRODUCT_BUNDLE_IDENTIFIER = Sceneray.BleModule;
				PRODUCT_NAME = "$(TARGET_NAME)";
				SUPPORTED_PLATFORMS = "iphoneos iphonesimulator";
				SUPPORTS_MACCATALYST = NO;
				SUPPORTS_MAC_DESIGNED_FOR_IPHONE_IPAD = NO;
				SWIFT_EMIT_LOC_STRINGS = YES;
				SWIFT_VERSION = 5.0;
				TARGETED_DEVICE_FAMILY = 1;
			};
			name = Debug;
		};
		9A7A7D9829E9319700FD4DE0 /* Release */ = {
			isa = XCBuildConfiguration;
			buildSettings = {
				ASSETCATALOG_COMPILER_APPICON_NAME = AppIcon;
				ASSETCATALOG_COMPILER_GLOBAL_ACCENT_COLOR_NAME = AccentColor;
				CODE_SIGN_STYLE = Automatic;
				CURRENT_PROJECT_VERSION = 1;
				DEVELOPMENT_ASSET_PATHS = "\"BleModule/Preview Content\"";
				DEVELOPMENT_TEAM = QDARHN2432;
				ENABLE_PREVIEWS = YES;
				GENERATE_INFOPLIST_FILE = YES;
				INFOPLIST_KEY_UIApplicationSceneManifest_Generation = YES;
				INFOPLIST_KEY_UIApplicationSupportsIndirectInputEvents = YES;
				INFOPLIST_KEY_UILaunchScreen_Generation = YES;
				INFOPLIST_KEY_UISupportedInterfaceOrientations_iPad = "UIInterfaceOrientationPortrait UIInterfaceOrientationPortraitUpsideDown UIInterfaceOrientationLandscapeLeft UIInterfaceOrientationLandscapeRight";
				INFOPLIST_KEY_UISupportedInterfaceOrientations_iPhone = "UIInterfaceOrientationPortrait UIInterfaceOrientationLandscapeLeft UIInterfaceOrientationLandscapeRight";
				IPHONEOS_DEPLOYMENT_TARGET = 14.0;
				LD_RUNPATH_SEARCH_PATHS = (
					"$(inherited)",
					"@executable_path/Frameworks",
				);
				MARKETING_VERSION = 1.0;
				PRODUCT_BUNDLE_IDENTIFIER = Sceneray.BleModule;
				PRODUCT_NAME = "$(TARGET_NAME)";
				SUPPORTED_PLATFORMS = "iphoneos iphonesimulator";
				SUPPORTS_MACCATALYST = NO;
				SUPPORTS_MAC_DESIGNED_FOR_IPHONE_IPAD = NO;
				SWIFT_EMIT_LOC_STRINGS = YES;
				SWIFT_VERSION = 5.0;
				TARGETED_DEVICE_FAMILY = 1;
			};
			name = Release;
		};
		9A7A7D9A29E9319700FD4DE0 /* Debug */ = {
			isa = XCBuildConfiguration;
			buildSettings = {
				ALWAYS_EMBED_SWIFT_STANDARD_LIBRARIES = YES;
				BUNDLE_LOADER = "$(TEST_HOST)";
				CODE_SIGN_STYLE = Automatic;
				CURRENT_PROJECT_VERSION = 1;
				DEVELOPMENT_TEAM = QDARHN2432;
				GENERATE_INFOPLIST_FILE = YES;
				IPHONEOS_DEPLOYMENT_TARGET = 16.4;
				MARKETING_VERSION = 1.0;
				PRODUCT_BUNDLE_IDENTIFIER = Sceneray.BleModuleTests;
				PRODUCT_NAME = "$(TARGET_NAME)";
				SWIFT_EMIT_LOC_STRINGS = NO;
				SWIFT_VERSION = 5.0;
				TARGETED_DEVICE_FAMILY = "1,2";
				TEST_HOST = "$(BUILT_PRODUCTS_DIR)/BleModule.app/$(BUNDLE_EXECUTABLE_FOLDER_PATH)/BleModule";
			};
			name = Debug;
		};
		9A7A7D9B29E9319700FD4DE0 /* Release */ = {
			isa = XCBuildConfiguration;
			buildSettings = {
				ALWAYS_EMBED_SWIFT_STANDARD_LIBRARIES = YES;
				BUNDLE_LOADER = "$(TEST_HOST)";
				CODE_SIGN_STYLE = Automatic;
				CURRENT_PROJECT_VERSION = 1;
				DEVELOPMENT_TEAM = QDARHN2432;
				GENERATE_INFOPLIST_FILE = YES;
				IPHONEOS_DEPLOYMENT_TARGET = 16.4;
				MARKETING_VERSION = 1.0;
				PRODUCT_BUNDLE_IDENTIFIER = Sceneray.BleModuleTests;
				PRODUCT_NAME = "$(TARGET_NAME)";
				SWIFT_EMIT_LOC_STRINGS = NO;
				SWIFT_VERSION = 5.0;
				TARGETED_DEVICE_FAMILY = "1,2";
				TEST_HOST = "$(BUILT_PRODUCTS_DIR)/BleModule.app/$(BUNDLE_EXECUTABLE_FOLDER_PATH)/BleModule";
			};
			name = Release;
		};
		9A7A7D9D29E9319700FD4DE0 /* Debug */ = {
			isa = XCBuildConfiguration;
			buildSettings = {
				ALWAYS_EMBED_SWIFT_STANDARD_LIBRARIES = YES;
				CODE_SIGN_STYLE = Automatic;
				CURRENT_PROJECT_VERSION = 1;
				DEVELOPMENT_TEAM = QDARHN2432;
				GENERATE_INFOPLIST_FILE = YES;
				MARKETING_VERSION = 1.0;
				PRODUCT_BUNDLE_IDENTIFIER = Sceneray.BleModuleUITests;
				PRODUCT_NAME = "$(TARGET_NAME)";
				SWIFT_EMIT_LOC_STRINGS = NO;
				SWIFT_VERSION = 5.0;
				TARGETED_DEVICE_FAMILY = "1,2";
				TEST_TARGET_NAME = BleModule;
			};
			name = Debug;
		};
		9A7A7D9E29E9319700FD4DE0 /* Release */ = {
			isa = XCBuildConfiguration;
			buildSettings = {
				ALWAYS_EMBED_SWIFT_STANDARD_LIBRARIES = YES;
				CODE_SIGN_STYLE = Automatic;
				CURRENT_PROJECT_VERSION = 1;
				DEVELOPMENT_TEAM = QDARHN2432;
				GENERATE_INFOPLIST_FILE = YES;
				MARKETING_VERSION = 1.0;
				PRODUCT_BUNDLE_IDENTIFIER = Sceneray.BleModuleUITests;
				PRODUCT_NAME = "$(TARGET_NAME)";
				SWIFT_EMIT_LOC_STRINGS = NO;
				SWIFT_VERSION = 5.0;
				TARGETED_DEVICE_FAMILY = "1,2";
				TEST_TARGET_NAME = BleModule;
			};
			name = Release;
		};
/* End XCBuildConfiguration section */

/* Begin XCConfigurationList section */
		9A7A7D6D29E9319600FD4DE0 /* Build configuration list for PBXProject "BleModule" */ = {
			isa = XCConfigurationList;
			buildConfigurations = (
				9A7A7D9429E9319700FD4DE0 /* Debug */,
				9A7A7D9529E9319700FD4DE0 /* Release */,
			);
			defaultConfigurationIsVisible = 0;
			defaultConfigurationName = Release;
		};
		9A7A7D9629E9319700FD4DE0 /* Build configuration list for PBXNativeTarget "BleModule" */ = {
			isa = XCConfigurationList;
			buildConfigurations = (
				9A7A7D9729E9319700FD4DE0 /* Debug */,
				9A7A7D9829E9319700FD4DE0 /* Release */,
			);
			defaultConfigurationIsVisible = 0;
			defaultConfigurationName = Release;
		};
		9A7A7D9929E9319700FD4DE0 /* Build configuration list for PBXNativeTarget "BleModuleTests" */ = {
			isa = XCConfigurationList;
			buildConfigurations = (
				9A7A7D9A29E9319700FD4DE0 /* Debug */,
				9A7A7D9B29E9319700FD4DE0 /* Release */,
			);
			defaultConfigurationIsVisible = 0;
			defaultConfigurationName = Release;
		};
		9A7A7D9C29E9319700FD4DE0 /* Build configuration list for PBXNativeTarget "BleModuleUITests" */ = {
			isa = XCConfigurationList;
			buildConfigurations = (
				9A7A7D9D29E9319700FD4DE0 /* Debug */,
				9A7A7D9E29E9319700FD4DE0 /* Release */,
			);
			defaultConfigurationIsVisible = 0;
			defaultConfigurationName = Release;
		};
/* End XCConfigurationList section */

/* Begin XCRemoteSwiftPackageReference section */
		9A5339CF29E9482C00416C1E /* XCRemoteSwiftPackageReference "RxCBCentral" */ = {
			isa = XCRemoteSwiftPackageReference;
			repositoryURL = "https://gitee.com/leobert_253/RxCBCentral";
			requirement = {
				kind = upToNextMajorVersion;
				minimumVersion = 0.1.1;
			};
		};
/* End XCRemoteSwiftPackageReference section */

/* Begin XCSwiftPackageProductDependency section */
		9A5339D029E9482C00416C1E /* RxCBCentral */ = {
			isa = XCSwiftPackageProductDependency;
			package = 9A5339CF29E9482C00416C1E /* XCRemoteSwiftPackageReference "RxCBCentral" */;
			productName = RxCBCentral;
		};
		9A5339D329E9485600416C1E /* BleRxLayerModule */ = {
			isa = XCSwiftPackageProductDependency;
			productName = BleRxLayerModule;
		};
/* End XCSwiftPackageProductDependency section */
	};
	rootObject = 9A7A7D6A29E9319600FD4DE0 /* Project object */;
}
